// !$*UTF8*$!
{
	archiveVersion = 1;
	classes = {
	};
	objectVersion = 52;
	objects = {

/* Begin PBXBuildFile section */
		0B3CD18611895847B0FF02A6 /* TuistBundle+StudyBuddy.swift in Sources */ = {isa = PBXBuildFile; fileRef = 50412375181D7A0AC6416AC6 /* TuistBundle+StudyBuddy.swift */; };
		238E183D2579975692BCEED6 /* LaunchScreen.storyboard in Resources */ = {isa = PBXBuildFile; fileRef = 9395AE4B4976C2CF59887FAC /* LaunchScreen.storyboard */; };
		353A98B48BBF41940612C302 /* SceneDelegate.swift in Sources */ = {isa = PBXBuildFile; fileRef = 592E84F8FD5BE3B384FF4813 /* SceneDelegate.swift */; };
		3A6131CE6854D1D5A5BA3D3F /* TuistAssets+StudyBuddy.swift in Sources */ = {isa = PBXBuildFile; fileRef = 5C6E9165EDF81430716FD916 /* TuistAssets+StudyBuddy.swift */; };
		50685E45B3B178B4297D8097 /* MainCoordinator.swift in Sources */ = {isa = PBXBuildFile; fileRef = 1C8B5A6C7AF1010E3A8D7204 /* MainCoordinator.swift */; };
		6188702A926F948B47D14BE5 /* AppDelegate.swift in Sources */ = {isa = PBXBuildFile; fileRef = CB54F82EB339A49C928661F0 /* AppDelegate.swift */; };
		6DA88305B6F8D87B0440A1CB /* Coordinator.swift in Sources */ = {isa = PBXBuildFile; fileRef = D9F4471482AE7E1B2D7EC3A1 /* Coordinator.swift */; };
		83EDE1FE232919A22DC1B7BD /* BaseCoordinator.swift in Sources */ = {isa = PBXBuildFile; fileRef = 1412A3D07D656B97ED359E6B /* BaseCoordinator.swift */; };
		A346B89A5E0EDB826505F604 /* ViewController.swift in Sources */ = {isa = PBXBuildFile; fileRef = 8EE6726483DD5CF2BF34E4D8 /* ViewController.swift */; };
		A3A6EE8F215FF1D4AF25E41A /* SignInCoordinator.framework in Frameworks */ = {isa = PBXBuildFile; fileRef = BF53B56A4023C64A16A088EC /* SignInCoordinator.framework */; platformFilter = ios; };
		A93D73F8DC9441D068D36D3E /* Router.swift in Sources */ = {isa = PBXBuildFile; fileRef = FC1E869395049C02B9BEDC0B /* Router.swift */; };
		CCB4E9B8A7B2DCF5A6AEFED2 /* SignInCoordinator_SignInCoordinator.bundle in Dependencies */ = {isa = PBXBuildFile; fileRef = E90302C0AC0B86FEB9F43856 /* SignInCoordinator_SignInCoordinator.bundle */; platformFilter = ios; };
		D2D0BD570C710D852AF2B4C1 /* MainRouter.swift in Sources */ = {isa = PBXBuildFile; fileRef = 7E4BDF8D45B1CD7DDE4A54A3 /* MainRouter.swift */; };
		D63E4EB9356DE84926861329 /* SignInCoordinator_SignInCoordinator.bundle in Resources */ = {isa = PBXBuildFile; fileRef = E90302C0AC0B86FEB9F43856 /* SignInCoordinator_SignInCoordinator.bundle */; };
		E329D19846D715E655A62CEB /* ReusableClosure.swift in Sources */ = {isa = PBXBuildFile; fileRef = 245BC9578A98892F9D149193 /* ReusableClosure.swift */; };
		E5FA9CF7D6DD02B3776B0396 /* Presentable.swift in Sources */ = {isa = PBXBuildFile; fileRef = DA9ABFA3BDAE78172203ADD1 /* Presentable.swift */; };
		EA8949F4F6761E41AC8A051E /* TestAlert.swift in Sources */ = {isa = PBXBuildFile; fileRef = 757FC50824B34D16B4F1B70B /* TestAlert.swift */; };
		F2C38FFE6998BFA28F5F4F3A /* Assets.xcassets in Resources */ = {isa = PBXBuildFile; fileRef = BF638AE0AFB8AC1FFB3F7ABE /* Assets.xcassets */; };
		FD75C171DC7F509F3E9A7420 /* UIApplicationExtension.swift in Sources */ = {isa = PBXBuildFile; fileRef = 034EA4AEFE914EF53D6E626C /* UIApplicationExtension.swift */; };
/* End PBXBuildFile section */

/* Begin PBXCopyFilesBuildPhase section */
		53BBC8A6FFDDEFD623848DA6 /* Dependencies */ = {
			isa = PBXCopyFilesBuildPhase;
			buildActionMask = 8;
			dstSubfolderSpec = 16;
			files = (
				CCB4E9B8A7B2DCF5A6AEFED2 /* SignInCoordinator_SignInCoordinator.bundle in Dependencies */,
			);
			name = Dependencies;
			runOnlyForDeploymentPostprocessing = 1;
		};
		F0543F68ED0440AF664AD454 /* Embed Frameworks */ = {
			isa = PBXCopyFilesBuildPhase;
			buildActionMask = 2147483647;
			dstPath = "";
			dstSubfolderSpec = 10;
			files = (
			);
			name = "Embed Frameworks";
			runOnlyForDeploymentPostprocessing = 0;
		};
/* End PBXCopyFilesBuildPhase section */

/* Begin PBXFileReference section */
		034EA4AEFE914EF53D6E626C /* UIApplicationExtension.swift */ = {isa = PBXFileReference; lastKnownFileType = sourcecode.swift; path = UIApplicationExtension.swift; sourceTree = "<group>"; };
		0F6BC0B36C614BBACA35ECB2 /* Info.plist */ = {isa = PBXFileReference; lastKnownFileType = text.plist; path = Info.plist; sourceTree = "<group>"; };
		1412A3D07D656B97ED359E6B /* BaseCoordinator.swift */ = {isa = PBXFileReference; lastKnownFileType = sourcecode.swift; path = BaseCoordinator.swift; sourceTree = "<group>"; };
		1C8B5A6C7AF1010E3A8D7204 /* MainCoordinator.swift */ = {isa = PBXFileReference; lastKnownFileType = sourcecode.swift; path = MainCoordinator.swift; sourceTree = "<group>"; };
		245BC9578A98892F9D149193 /* ReusableClosure.swift */ = {isa = PBXFileReference; lastKnownFileType = sourcecode.swift; path = ReusableClosure.swift; sourceTree = "<group>"; };
		50412375181D7A0AC6416AC6 /* TuistBundle+StudyBuddy.swift */ = {isa = PBXFileReference; lastKnownFileType = sourcecode.swift; path = "TuistBundle+StudyBuddy.swift"; sourceTree = "<group>"; };
		592E84F8FD5BE3B384FF4813 /* SceneDelegate.swift */ = {isa = PBXFileReference; lastKnownFileType = sourcecode.swift; path = SceneDelegate.swift; sourceTree = "<group>"; };
		5C6E9165EDF81430716FD916 /* TuistAssets+StudyBuddy.swift */ = {isa = PBXFileReference; lastKnownFileType = sourcecode.swift; path = "TuistAssets+StudyBuddy.swift"; sourceTree = "<group>"; };
		703606328D4F4E5B750E2AD1 /* StudyBuddy.app */ = {isa = PBXFileReference; explicitFileType = wrapper.application; includeInIndex = 0; path = StudyBuddy.app; sourceTree = BUILT_PRODUCTS_DIR; };
		757FC50824B34D16B4F1B70B /* TestAlert.swift */ = {isa = PBXFileReference; lastKnownFileType = sourcecode.swift; path = TestAlert.swift; sourceTree = "<group>"; };
		7E4BDF8D45B1CD7DDE4A54A3 /* MainRouter.swift */ = {isa = PBXFileReference; lastKnownFileType = sourcecode.swift; path = MainRouter.swift; sourceTree = "<group>"; };
		8EE6726483DD5CF2BF34E4D8 /* ViewController.swift */ = {isa = PBXFileReference; lastKnownFileType = sourcecode.swift; path = ViewController.swift; sourceTree = "<group>"; };
		BF53B56A4023C64A16A088EC /* SignInCoordinator.framework */ = {isa = PBXFileReference; explicitFileType = wrapper.framework; includeInIndex = 0; path = SignInCoordinator.framework; sourceTree = BUILT_PRODUCTS_DIR; };
		BF638AE0AFB8AC1FFB3F7ABE /* Assets.xcassets */ = {isa = PBXFileReference; lastKnownFileType = folder.assetcatalog; path = Assets.xcassets; sourceTree = "<group>"; };
		CB54F82EB339A49C928661F0 /* AppDelegate.swift */ = {isa = PBXFileReference; lastKnownFileType = sourcecode.swift; path = AppDelegate.swift; sourceTree = "<group>"; };
		D0F7A59F1D7830A41F8B9934 /* Base */ = {isa = PBXFileReference; lastKnownFileType = file.storyboard; name = Base; path = Base.lproj/LaunchScreen.storyboard; sourceTree = "<group>"; };
		D9F4471482AE7E1B2D7EC3A1 /* Coordinator.swift */ = {isa = PBXFileReference; lastKnownFileType = sourcecode.swift; path = Coordinator.swift; sourceTree = "<group>"; };
		DA9ABFA3BDAE78172203ADD1 /* Presentable.swift */ = {isa = PBXFileReference; lastKnownFileType = sourcecode.swift; path = Presentable.swift; sourceTree = "<group>"; };
		E90302C0AC0B86FEB9F43856 /* SignInCoordinator_SignInCoordinator.bundle */ = {isa = PBXFileReference; explicitFileType = wrapper.cfbundle; includeInIndex = 0; path = SignInCoordinator_SignInCoordinator.bundle; sourceTree = BUILT_PRODUCTS_DIR; };
		FC1E869395049C02B9BEDC0B /* Router.swift */ = {isa = PBXFileReference; lastKnownFileType = sourcecode.swift; path = Router.swift; sourceTree = "<group>"; };
/* End PBXFileReference section */

/* Begin PBXFrameworksBuildPhase section */
		9D7651DEB2E021FF5CCE2E1D /* Frameworks */ = {
			isa = PBXFrameworksBuildPhase;
			buildActionMask = 2147483647;
			files = (
				A3A6EE8F215FF1D4AF25E41A /* SignInCoordinator.framework in Frameworks */,
			);
			runOnlyForDeploymentPostprocessing = 0;
		};
/* End PBXFrameworksBuildPhase section */

/* Begin PBXGroup section */
		222478FF57DE43AAB3FF4101 /* Project */ = {
			isa = PBXGroup;
			children = (
				B8EB4F75F514783EB6989B66 /* Derived */,
				64C9E4849E969A7E7E05B126 /* StudyBuddy */,
				0F6BC0B36C614BBACA35ECB2 /* Info.plist */,
			);
			name = Project;
			sourceTree = "<group>";
		};
		4F8AFEB43ACD533A2C8E447A /* Sources */ = {
			isa = PBXGroup;
			children = (
				CB54F82EB339A49C928661F0 /* AppDelegate.swift */,
				1412A3D07D656B97ED359E6B /* BaseCoordinator.swift */,
				D9F4471482AE7E1B2D7EC3A1 /* Coordinator.swift */,
				1C8B5A6C7AF1010E3A8D7204 /* MainCoordinator.swift */,
				7E4BDF8D45B1CD7DDE4A54A3 /* MainRouter.swift */,
				DA9ABFA3BDAE78172203ADD1 /* Presentable.swift */,
				245BC9578A98892F9D149193 /* ReusableClosure.swift */,
				FC1E869395049C02B9BEDC0B /* Router.swift */,
				592E84F8FD5BE3B384FF4813 /* SceneDelegate.swift */,
				757FC50824B34D16B4F1B70B /* TestAlert.swift */,
				034EA4AEFE914EF53D6E626C /* UIApplicationExtension.swift */,
				8EE6726483DD5CF2BF34E4D8 /* ViewController.swift */,
			);
			path = Sources;
			sourceTree = "<group>";
		};
		56002419950A0BF38BE89E82 /* Frameworks */ = {
			isa = PBXGroup;
			children = (
			);
			name = Frameworks;
			sourceTree = "<group>";
		};
		64C9E4849E969A7E7E05B126 /* StudyBuddy */ = {
			isa = PBXGroup;
			children = (
				DC06F8967A5179B1C2A39878 /* Resources */,
				4F8AFEB43ACD533A2C8E447A /* Sources */,
			);
			path = StudyBuddy;
			sourceTree = "<group>";
		};
		773DE3DD96D65FE07C979319 /* Sources */ = {
			isa = PBXGroup;
			children = (
				5C6E9165EDF81430716FD916 /* TuistAssets+StudyBuddy.swift */,
				50412375181D7A0AC6416AC6 /* TuistBundle+StudyBuddy.swift */,
			);
			path = Sources;
			sourceTree = "<group>";
		};
		800E50CCA55663E73B3976FB /* Products */ = {
			isa = PBXGroup;
			children = (
				E90302C0AC0B86FEB9F43856 /* SignInCoordinator_SignInCoordinator.bundle */,
				BF53B56A4023C64A16A088EC /* SignInCoordinator.framework */,
				703606328D4F4E5B750E2AD1 /* StudyBuddy.app */,
			);
			name = Products;
			sourceTree = "<group>";
		};
		B8EB4F75F514783EB6989B66 /* Derived */ = {
			isa = PBXGroup;
			children = (
				773DE3DD96D65FE07C979319 /* Sources */,
			);
			path = Derived;
			sourceTree = "<group>";
		};
		CA3E12BDC6D40406A48FCC27 = {
			isa = PBXGroup;
			children = (
				222478FF57DE43AAB3FF4101 /* Project */,
				56002419950A0BF38BE89E82 /* Frameworks */,
				800E50CCA55663E73B3976FB /* Products */,
			);
			sourceTree = "<group>";
		};
		DC06F8967A5179B1C2A39878 /* Resources */ = {
			isa = PBXGroup;
			children = (
				9395AE4B4976C2CF59887FAC /* LaunchScreen.storyboard */,
				BF638AE0AFB8AC1FFB3F7ABE /* Assets.xcassets */,
			);
			path = Resources;
			sourceTree = "<group>";
		};
/* End PBXGroup section */

/* Begin PBXNativeTarget section */
		84A9532EE5597B4749B621C2 /* StudyBuddy */ = {
			isa = PBXNativeTarget;
			buildConfigurationList = 43C96DC4BF1FC28A896DC10D /* Build configuration list for PBXNativeTarget "StudyBuddy" */;
			buildPhases = (
				029E295DAE28B53AD8DB179C /* Sources */,
				6DC6606149A68D0EC9629EF4 /* Resources */,
				F0543F68ED0440AF664AD454 /* Embed Frameworks */,
				9D7651DEB2E021FF5CCE2E1D /* Frameworks */,
				53BBC8A6FFDDEFD623848DA6 /* Dependencies */,
			);
			buildRules = (
			);
			dependencies = (
			);
			name = StudyBuddy;
			productName = StudyBuddy;
			productReference = 703606328D4F4E5B750E2AD1 /* StudyBuddy.app */;
			productType = "com.apple.product-type.application";
		};
/* End PBXNativeTarget section */

/* Begin PBXProject section */
		C56950C87C83E0DBE4C7B133 /* Project object */ = {
			isa = PBXProject;
			attributes = {
				TargetAttributes = {
				};
			};
			buildConfigurationList = E06919F758169E1D9A2DFE1A /* Build configuration list for PBXProject "StudyBuddy" */;
			compatibilityVersion = "Xcode 13.0";
			developmentRegion = en;
			hasScannedForEncodings = 0;
			knownRegions = (
				Base,
				en,
			);
			mainGroup = CA3E12BDC6D40406A48FCC27;
			productRefGroup = 800E50CCA55663E73B3976FB /* Products */;
			projectDirPath = "";
			projectRoot = "";
			targets = (
				84A9532EE5597B4749B621C2 /* StudyBuddy */,
			);
		};
/* End PBXProject section */

/* Begin PBXResourcesBuildPhase section */
		6DC6606149A68D0EC9629EF4 /* Resources */ = {
			isa = PBXResourcesBuildPhase;
			buildActionMask = 2147483647;
			files = (
				F2C38FFE6998BFA28F5F4F3A /* Assets.xcassets in Resources */,
				238E183D2579975692BCEED6 /* LaunchScreen.storyboard in Resources */,
				D63E4EB9356DE84926861329 /* SignInCoordinator_SignInCoordinator.bundle in Resources */,
			);
			runOnlyForDeploymentPostprocessing = 0;
		};
/* End PBXResourcesBuildPhase section */

/* Begin PBXSourcesBuildPhase section */
		029E295DAE28B53AD8DB179C /* Sources */ = {
			isa = PBXSourcesBuildPhase;
			buildActionMask = 2147483647;
			files = (
				3A6131CE6854D1D5A5BA3D3F /* TuistAssets+StudyBuddy.swift in Sources */,
				0B3CD18611895847B0FF02A6 /* TuistBundle+StudyBuddy.swift in Sources */,
				6188702A926F948B47D14BE5 /* AppDelegate.swift in Sources */,
				83EDE1FE232919A22DC1B7BD /* BaseCoordinator.swift in Sources */,
				6DA88305B6F8D87B0440A1CB /* Coordinator.swift in Sources */,
				50685E45B3B178B4297D8097 /* MainCoordinator.swift in Sources */,
				D2D0BD570C710D852AF2B4C1 /* MainRouter.swift in Sources */,
				E5FA9CF7D6DD02B3776B0396 /* Presentable.swift in Sources */,
				E329D19846D715E655A62CEB /* ReusableClosure.swift in Sources */,
				A93D73F8DC9441D068D36D3E /* Router.swift in Sources */,
				353A98B48BBF41940612C302 /* SceneDelegate.swift in Sources */,
				EA8949F4F6761E41AC8A051E /* TestAlert.swift in Sources */,
				FD75C171DC7F509F3E9A7420 /* UIApplicationExtension.swift in Sources */,
				A346B89A5E0EDB826505F604 /* ViewController.swift in Sources */,
			);
			runOnlyForDeploymentPostprocessing = 0;
		};
/* End PBXSourcesBuildPhase section */

/* Begin PBXVariantGroup section */
		9395AE4B4976C2CF59887FAC /* LaunchScreen.storyboard */ = {
			isa = PBXVariantGroup;
			children = (
				D0F7A59F1D7830A41F8B9934 /* Base */,
			);
			name = LaunchScreen.storyboard;
			sourceTree = "<group>";
		};
/* End PBXVariantGroup section */

/* Begin XCBuildConfiguration section */
		176278B14269F6D04A3D0B50 /* Release */ = {
			isa = XCBuildConfiguration;
			buildSettings = {
				ASSETCATALOG_COMPILER_APPICON_NAME = AppIcon;
				CODE_SIGN_IDENTITY = "iPhone Developer";
				ENABLE_PREVIEWS = YES;
				INFOPLIST_FILE = Info.plist;
				IPHONEOS_DEPLOYMENT_TARGET = 13.0;
				LD_RUNPATH_SEARCH_PATHS = (
					"$(inherited)",
					"@executable_path/Frameworks",
				);
				PRODUCT_BUNDLE_IDENTIFIER = io.tuist.StudyBuddy;
				PRODUCT_NAME = StudyBuddy;
				SDKROOT = iphoneos;
				SUPPORTS_MACCATALYST = NO;
				SWIFT_COMPILATION_MODE = wholemodule;
				SWIFT_OPTIMIZATION_LEVEL = "-Owholemodule";
				SWIFT_VERSION = 5.0;
				TARGETED_DEVICE_FAMILY = 1;
			};
			name = Release;
		};
		70C9E3E7A13BF200155D779F /* Release */ = {
			isa = XCBuildConfiguration;
			buildSettings = {
				ALWAYS_SEARCH_USER_PATHS = NO;
				CLANG_ANALYZER_LOCALIZABILITY_NONLOCALIZED = YES;
				CLANG_ANALYZER_NONNULL = YES;
				CLANG_ANALYZER_NUMBER_OBJECT_CONVERSION = YES_AGGRESSIVE;
				CLANG_CXX_LANGUAGE_STANDARD = "gnu++14";
				CLANG_CXX_LIBRARY = "libc++";
				CLANG_ENABLE_MODULES = YES;
				CLANG_ENABLE_OBJC_ARC = YES;
				CLANG_ENABLE_OBJC_WEAK = YES;
				CLANG_WARN_BLOCK_CAPTURE_AUTORELEASING = YES;
				CLANG_WARN_BOOL_CONVERSION = YES;
				CLANG_WARN_COMMA = YES;
				CLANG_WARN_CONSTANT_CONVERSION = YES;
				CLANG_WARN_DEPRECATED_OBJC_IMPLEMENTATIONS = YES;
				CLANG_WARN_DIRECT_OBJC_ISA_USAGE = YES_ERROR;
				CLANG_WARN_DOCUMENTATION_COMMENTS = YES;
				CLANG_WARN_EMPTY_BODY = YES;
				CLANG_WARN_ENUM_CONVERSION = YES;
				CLANG_WARN_INFINITE_RECURSION = YES;
				CLANG_WARN_INT_CONVERSION = YES;
				CLANG_WARN_NON_LITERAL_NULL_CONVERSION = YES;
				CLANG_WARN_OBJC_IMPLICIT_RETAIN_SELF = YES;
				CLANG_WARN_OBJC_LITERAL_CONVERSION = YES;
				CLANG_WARN_OBJC_ROOT_CLASS = YES_ERROR;
				CLANG_WARN_QUOTED_INCLUDE_IN_FRAMEWORK_HEADER = YES;
				CLANG_WARN_RANGE_LOOP_ANALYSIS = YES;
				CLANG_WARN_STRICT_PROTOTYPES = YES;
				CLANG_WARN_SUSPICIOUS_MOVE = YES;
				CLANG_WARN_UNGUARDED_AVAILABILITY = YES_AGGRESSIVE;
				CLANG_WARN_UNREACHABLE_CODE = YES;
				CLANG_WARN__DUPLICATE_METHOD_MATCH = YES;
				COPY_PHASE_STRIP = NO;
				DEAD_CODE_STRIPPING = YES;
				DEBUG_INFORMATION_FORMAT = "dwarf-with-dsym";
				ENABLE_NS_ASSERTIONS = NO;
				ENABLE_STRICT_OBJC_MSGSEND = YES;
				GCC_C_LANGUAGE_STANDARD = gnu11;
				GCC_NO_COMMON_BLOCKS = YES;
				GCC_WARN_64_TO_32_BIT_CONVERSION = YES;
				GCC_WARN_ABOUT_RETURN_TYPE = YES_ERROR;
				GCC_WARN_UNDECLARED_SELECTOR = YES;
				GCC_WARN_UNINITIALIZED_AUTOS = YES_AGGRESSIVE;
				GCC_WARN_UNUSED_FUNCTION = YES;
				GCC_WARN_UNUSED_VARIABLE = YES;
				MTL_ENABLE_DEBUG_INFO = NO;
				PRODUCT_NAME = "$(TARGET_NAME)";
				VALIDATE_PRODUCT = YES;
			};
			name = Release;
		};
		D05240B053CA0313A6460071 /* Debug */ = {
			isa = XCBuildConfiguration;
			buildSettings = {
				ALWAYS_SEARCH_USER_PATHS = NO;
				CLANG_ANALYZER_LOCALIZABILITY_NONLOCALIZED = YES;
				CLANG_ANALYZER_NONNULL = YES;
				CLANG_ANALYZER_NUMBER_OBJECT_CONVERSION = YES_AGGRESSIVE;
				CLANG_CXX_LANGUAGE_STANDARD = "gnu++14";
				CLANG_CXX_LIBRARY = "libc++";
				CLANG_ENABLE_MODULES = YES;
				CLANG_ENABLE_OBJC_ARC = YES;
				CLANG_ENABLE_OBJC_WEAK = YES;
				CLANG_WARN_BLOCK_CAPTURE_AUTORELEASING = YES;
				CLANG_WARN_BOOL_CONVERSION = YES;
				CLANG_WARN_COMMA = YES;
				CLANG_WARN_CONSTANT_CONVERSION = YES;
				CLANG_WARN_DEPRECATED_OBJC_IMPLEMENTATIONS = YES;
				CLANG_WARN_DIRECT_OBJC_ISA_USAGE = YES_ERROR;
				CLANG_WARN_DOCUMENTATION_COMMENTS = YES;
				CLANG_WARN_EMPTY_BODY = YES;
				CLANG_WARN_ENUM_CONVERSION = YES;
				CLANG_WARN_INFINITE_RECURSION = YES;
				CLANG_WARN_INT_CONVERSION = YES;
				CLANG_WARN_NON_LITERAL_NULL_CONVERSION = YES;
				CLANG_WARN_OBJC_IMPLICIT_RETAIN_SELF = YES;
				CLANG_WARN_OBJC_LITERAL_CONVERSION = YES;
				CLANG_WARN_OBJC_ROOT_CLASS = YES_ERROR;
				CLANG_WARN_QUOTED_INCLUDE_IN_FRAMEWORK_HEADER = YES;
				CLANG_WARN_RANGE_LOOP_ANALYSIS = YES;
				CLANG_WARN_STRICT_PROTOTYPES = YES;
				CLANG_WARN_SUSPICIOUS_MOVE = YES;
				CLANG_WARN_UNGUARDED_AVAILABILITY = YES_AGGRESSIVE;
				CLANG_WARN_UNREACHABLE_CODE = YES;
				CLANG_WARN__DUPLICATE_METHOD_MATCH = YES;
				COPY_PHASE_STRIP = NO;
				DEAD_CODE_STRIPPING = YES;
				DEBUG_INFORMATION_FORMAT = dwarf;
				ENABLE_STRICT_OBJC_MSGSEND = YES;
				ENABLE_TESTABILITY = YES;
				GCC_C_LANGUAGE_STANDARD = gnu11;
				GCC_DYNAMIC_NO_PIC = NO;
				GCC_NO_COMMON_BLOCKS = YES;
				GCC_OPTIMIZATION_LEVEL = 0;
				GCC_PREPROCESSOR_DEFINITIONS = (
					"DEBUG=1",
					"$(inherited)",
				);
				GCC_WARN_64_TO_32_BIT_CONVERSION = YES;
				GCC_WARN_ABOUT_RETURN_TYPE = YES_ERROR;
				GCC_WARN_UNDECLARED_SELECTOR = YES;
				GCC_WARN_UNINITIALIZED_AUTOS = YES_AGGRESSIVE;
				GCC_WARN_UNUSED_FUNCTION = YES;
				GCC_WARN_UNUSED_VARIABLE = YES;
				MTL_ENABLE_DEBUG_INFO = YES;
				ONLY_ACTIVE_ARCH = YES;
				PRODUCT_NAME = "$(TARGET_NAME)";
			};
			name = Debug;
		};
		D74BF9B4A20078AF9B32D175 /* Debug */ = {
			isa = XCBuildConfiguration;
			buildSettings = {
				ASSETCATALOG_COMPILER_APPICON_NAME = AppIcon;
				CODE_SIGN_IDENTITY = "iPhone Developer";
				ENABLE_PREVIEWS = YES;
				INFOPLIST_FILE = Info.plist;
				IPHONEOS_DEPLOYMENT_TARGET = 13.0;
				LD_RUNPATH_SEARCH_PATHS = (
					"$(inherited)",
					"@executable_path/Frameworks",
				);
				PRODUCT_BUNDLE_IDENTIFIER = io.tuist.StudyBuddy;
				PRODUCT_NAME = StudyBuddy;
				SDKROOT = iphoneos;
				SUPPORTS_MACCATALYST = NO;
				SWIFT_ACTIVE_COMPILATION_CONDITIONS = DEBUG;
				SWIFT_COMPILATION_MODE = singlefile;
				SWIFT_OPTIMIZATION_LEVEL = "-Onone";
				SWIFT_VERSION = 5.0;
				TARGETED_DEVICE_FAMILY = 1;
			};
			name = Debug;
		};
/* End XCBuildConfiguration section */

/* Begin XCConfigurationList section */
		43C96DC4BF1FC28A896DC10D /* Build configuration list for PBXNativeTarget "StudyBuddy" */ = {
			isa = XCConfigurationList;
			buildConfigurations = (
				D74BF9B4A20078AF9B32D175 /* Debug */,
				176278B14269F6D04A3D0B50 /* Release */,
			);
			defaultConfigurationIsVisible = 0;
			defaultConfigurationName = Release;
		};
		E06919F758169E1D9A2DFE1A /* Build configuration list for PBXProject "StudyBuddy" */ = {
			isa = XCConfigurationList;
			buildConfigurations = (
				D05240B053CA0313A6460071 /* Debug */,
				70C9E3E7A13BF200155D779F /* Release */,
			);
			defaultConfigurationIsVisible = 0;
			defaultConfigurationName = Release;
		};
/* End XCConfigurationList section */
	};
	rootObject = C56950C87C83E0DBE4C7B133 /* Project object */;
}
